
Microsoft Visual Studio Solution File, Format Version 12.00
# Visual Studio 14
VisualStudioVersion = 14.0.25420.1
MinimumVisualStudioVersion = 10.0.40219.1
Project("{2150E333-8FDC-42A3-9474-1A3956D46DE8}") = "src", "src", "{CCE33695-09E0-4AD7-8D22-2D859A0A771C}"
EndProject
Project("{2150E333-8FDC-42A3-9474-1A3956D46DE8}") = "Solution Items", "Solution Items", "{939C9B94-308B-4CEA-B65A-67158D79F143}"
	ProjectSection(SolutionItems) = preProject
		domain.txt = domain.txt
		global.json = global.json
		reqs.txt = reqs.txt
	EndProjectSection
EndProject
Project("{8BB2217D-0F2D-49D1-97BC-3654ED321F3B}") = "Livit.ABC.LeaveApi", "src\Livit.ABC.LeaveApi\Livit.ABC.LeaveApi.xproj", "{D8F430DF-6A72-47B3-9B69-084C04A41A8D}"
EndProject
Project("{8BB2217D-0F2D-49D1-97BC-3654ED321F3B}") = "Livit.ABC.Infraestructure", "src\Livit.ABC.Infraestructure\Livit.ABC.Infraestructure.xproj", "{63BCD43E-167C-4694-BFCB-4973F5C7B8B6}"
EndProject
Project("{8BB2217D-0F2D-49D1-97BC-3654ED321F3B}") = "Livit.ABC.Domain", "src\Livit.ABC.Domain\Livit.ABC.Domain.xproj", "{EE9B331A-A996-459E-9612-6E2235BB3F5E}"
EndProject
Project("{8BB2217D-0F2D-49D1-97BC-3654ED321F3B}") = "Livit.ABC.CommandStack", "src\Livit.ABC.CommandStack\Livit.ABC.CommandStack.xproj", "{72D05931-6346-4351-A8E3-45A7D65F9736}"
EndProject
Project("{FAE04EC0-301F-11D3-BF4B-00C04F79EFBC}") = "Livit.ABC.Leave.BDD", "Leave.ABC.Leave.BDD\Livit.ABC.Leave.BDD.csproj", "{CCE99276-BA4B-476A-8D2E-A1E87B075678}"
EndProject
Project("{8BB2217D-0F2D-49D1-97BC-3654ED321F3B}") = "Livit.ABC.HumanResources.Tests", "src\Livit.ABC.HumanResources.Tests\Livit.ABC.HumanResources.Tests.xproj", "{4885EA7E-1FAE-4BAD-A2CF-100A0F3D7D49}"
EndProject
Project("{8BB2217D-0F2D-49D1-97BC-3654ED321F3B}") = "Livit.ABC.Application", "src\Livit.ABC.Application\Livit.ABC.Application.xproj", "{9371081F-52B0-4390-9EB8-F9B6792B7CC5}"
EndProject
Project("{8BB2217D-0F2D-49D1-97BC-3654ED321F3B}") = "WebApplication1", "WebApplication1\WebApplication1.xproj", "{2AA22F4F-06AE-4611-ACD0-E536A2ED647A}"
EndProject
Global
	GlobalSection(SolutionConfigurationPlatforms) = preSolution
		Debug|Any CPU = Debug|Any CPU
		Debug|ARM = Debug|ARM
		Debug|x64 = Debug|x64
		Debug|x86 = Debug|x86
		Release|Any CPU = Release|Any CPU
		Release|ARM = Release|ARM
		Release|x64 = Release|x64
		Release|x86 = Release|x86
	EndGlobalSection
	GlobalSection(ProjectConfigurationPlatforms) = postSolution
		{D8F430DF-6A72-47B3-9B69-084C04A41A8D}.Debug|Any CPU.ActiveCfg = Debug|Any CPU
		{D8F430DF-6A72-47B3-9B69-084C04A41A8D}.Debug|Any CPU.Build.0 = Debug|Any CPU
		{D8F430DF-6A72-47B3-9B69-084C04A41A8D}.Debug|ARM.ActiveCfg = Debug|Any CPU
		{D8F430DF-6A72-47B3-9B69-084C04A41A8D}.Debug|ARM.Build.0 = Debug|Any CPU
		{D8F430DF-6A72-47B3-9B69-084C04A41A8D}.Debug|x64.ActiveCfg = Debug|Any CPU
		{D8F430DF-6A72-47B3-9B69-084C04A41A8D}.Debug|x64.Build.0 = Debug|Any CPU
		{D8F430DF-6A72-47B3-9B69-084C04A41A8D}.Debug|x86.ActiveCfg = Debug|Any CPU
		{D8F430DF-6A72-47B3-9B69-084C04A41A8D}.Debug|x86.Build.0 = Debug|Any CPU
		{D8F430DF-6A72-47B3-9B69-084C04A41A8D}.Release|Any CPU.ActiveCfg = Release|Any CPU
		{D8F430DF-6A72-47B3-9B69-084C04A41A8D}.Release|Any CPU.Build.0 = Release|Any CPU
		{D8F430DF-6A72-47B3-9B69-084C04A41A8D}.Release|ARM.ActiveCfg = Release|Any CPU
		{D8F430DF-6A72-47B3-9B69-084C04A41A8D}.Release|ARM.Build.0 = Release|Any CPU
		{D8F430DF-6A72-47B3-9B69-084C04A41A8D}.Release|x64.ActiveCfg = Release|Any CPU
		{D8F430DF-6A72-47B3-9B69-084C04A41A8D}.Release|x64.Build.0 = Release|Any CPU
		{D8F430DF-6A72-47B3-9B69-084C04A41A8D}.Release|x86.ActiveCfg = Release|Any CPU
		{D8F430DF-6A72-47B3-9B69-084C04A41A8D}.Release|x86.Build.0 = Release|Any CPU
		{63BCD43E-167C-4694-BFCB-4973F5C7B8B6}.Debug|Any CPU.ActiveCfg = Debug|Any CPU
		{63BCD43E-167C-4694-BFCB-4973F5C7B8B6}.Debug|Any CPU.Build.0 = Debug|Any CPU
		{63BCD43E-167C-4694-BFCB-4973F5C7B8B6}.Debug|ARM.ActiveCfg = Debug|Any CPU
		{63BCD43E-167C-4694-BFCB-4973F5C7B8B6}.Debug|ARM.Build.0 = Debug|Any CPU
		{63BCD43E-167C-4694-BFCB-4973F5C7B8B6}.Debug|x64.ActiveCfg = Debug|Any CPU
		{63BCD43E-167C-4694-BFCB-4973F5C7B8B6}.Debug|x64.Build.0 = Debug|Any CPU
		{63BCD43E-167C-4694-BFCB-4973F5C7B8B6}.Debug|x86.ActiveCfg = Debug|Any CPU
		{63BCD43E-167C-4694-BFCB-4973F5C7B8B6}.Debug|x86.Build.0 = Debug|Any CPU
		{63BCD43E-167C-4694-BFCB-4973F5C7B8B6}.Release|Any CPU.ActiveCfg = Release|Any CPU
		{63BCD43E-167C-4694-BFCB-4973F5C7B8B6}.Release|Any CPU.Build.0 = Release|Any CPU
		{63BCD43E-167C-4694-BFCB-4973F5C7B8B6}.Release|ARM.ActiveCfg = Release|Any CPU
		{63BCD43E-167C-4694-BFCB-4973F5C7B8B6}.Release|ARM.Build.0 = Release|Any CPU
		{63BCD43E-167C-4694-BFCB-4973F5C7B8B6}.Release|x64.ActiveCfg = Release|Any CPU
		{63BCD43E-167C-4694-BFCB-4973F5C7B8B6}.Release|x64.Build.0 = Release|Any CPU
		{63BCD43E-167C-4694-BFCB-4973F5C7B8B6}.Release|x86.ActiveCfg = Release|Any CPU
		{63BCD43E-167C-4694-BFCB-4973F5C7B8B6}.Release|x86.Build.0 = Release|Any CPU
		{EE9B331A-A996-459E-9612-6E2235BB3F5E}.Debug|Any CPU.ActiveCfg = Debug|Any CPU
		{EE9B331A-A996-459E-9612-6E2235BB3F5E}.Debug|Any CPU.Build.0 = Debug|Any CPU
		{EE9B331A-A996-459E-9612-6E2235BB3F5E}.Debug|ARM.ActiveCfg = Debug|Any CPU
		{EE9B331A-A996-459E-9612-6E2235BB3F5E}.Debug|ARM.Build.0 = Debug|Any CPU
		{EE9B331A-A996-459E-9612-6E2235BB3F5E}.Debug|x64.ActiveCfg = Debug|Any CPU
		{EE9B331A-A996-459E-9612-6E2235BB3F5E}.Debug|x64.Build.0 = Debug|Any CPU
		{EE9B331A-A996-459E-9612-6E2235BB3F5E}.Debug|x86.ActiveCfg = Debug|Any CPU
		{EE9B331A-A996-459E-9612-6E2235BB3F5E}.Debug|x86.Build.0 = Debug|Any CPU
		{EE9B331A-A996-459E-9612-6E2235BB3F5E}.Release|Any CPU.ActiveCfg = Release|Any CPU
		{EE9B331A-A996-459E-9612-6E2235BB3F5E}.Release|Any CPU.Build.0 = Release|Any CPU
		{EE9B331A-A996-459E-9612-6E2235BB3F5E}.Release|ARM.ActiveCfg = Release|Any CPU
		{EE9B331A-A996-459E-9612-6E2235BB3F5E}.Release|ARM.Build.0 = Release|Any CPU
		{EE9B331A-A996-459E-9612-6E2235BB3F5E}.Release|x64.ActiveCfg = Release|Any CPU
		{EE9B331A-A996-459E-9612-6E2235BB3F5E}.Release|x64.Build.0 = Release|Any CPU
		{EE9B331A-A996-459E-9612-6E2235BB3F5E}.Release|x86.ActiveCfg = Release|Any CPU
		{EE9B331A-A996-459E-9612-6E2235BB3F5E}.Release|x86.Build.0 = Release|Any CPU
		{72D05931-6346-4351-A8E3-45A7D65F9736}.Debug|Any CPU.ActiveCfg = Debug|Any CPU
		{72D05931-6346-4351-A8E3-45A7D65F9736}.Debug|Any CPU.Build.0 = Debug|Any CPU
		{72D05931-6346-4351-A8E3-45A7D65F9736}.Debug|ARM.ActiveCfg = Debug|Any CPU
		{72D05931-6346-4351-A8E3-45A7D65F9736}.Debug|ARM.Build.0 = Debug|Any CPU
		{72D05931-6346-4351-A8E3-45A7D65F9736}.Debug|x64.ActiveCfg = Debug|Any CPU
		{72D05931-6346-4351-A8E3-45A7D65F9736}.Debug|x64.Build.0 = Debug|Any CPU
		{72D05931-6346-4351-A8E3-45A7D65F9736}.Debug|x86.ActiveCfg = Debug|Any CPU
		{72D05931-6346-4351-A8E3-45A7D65F9736}.Debug|x86.Build.0 = Debug|Any CPU
		{72D05931-6346-4351-A8E3-45A7D65F9736}.Release|Any CPU.ActiveCfg = Release|Any CPU
		{72D05931-6346-4351-A8E3-45A7D65F9736}.Release|Any CPU.Build.0 = Release|Any CPU
		{72D05931-6346-4351-A8E3-45A7D65F9736}.Release|ARM.ActiveCfg = Release|Any CPU
		{72D05931-6346-4351-A8E3-45A7D65F9736}.Release|ARM.Build.0 = Release|Any CPU
		{72D05931-6346-4351-A8E3-45A7D65F9736}.Release|x64.ActiveCfg = Release|Any CPU
		{72D05931-6346-4351-A8E3-45A7D65F9736}.Release|x64.Build.0 = Release|Any CPU
		{72D05931-6346-4351-A8E3-45A7D65F9736}.Release|x86.ActiveCfg = Release|Any CPU
		{72D05931-6346-4351-A8E3-45A7D65F9736}.Release|x86.Build.0 = Release|Any CPU
		{CCE99276-BA4B-476A-8D2E-A1E87B075678}.Debug|Any CPU.ActiveCfg = Debug|Any CPU
		{CCE99276-BA4B-476A-8D2E-A1E87B075678}.Debug|Any CPU.Build.0 = Debug|Any CPU
		{CCE99276-BA4B-476A-8D2E-A1E87B075678}.Debug|ARM.ActiveCfg = Debug|Any CPU
		{CCE99276-BA4B-476A-8D2E-A1E87B075678}.Debug|ARM.Build.0 = Debug|Any CPU
		{CCE99276-BA4B-476A-8D2E-A1E87B075678}.Debug|x64.ActiveCfg = Debug|Any CPU
		{CCE99276-BA4B-476A-8D2E-A1E87B075678}.Debug|x64.Build.0 = Debug|Any CPU
		{CCE99276-BA4B-476A-8D2E-A1E87B075678}.Debug|x86.ActiveCfg = Debug|Any CPU
		{CCE99276-BA4B-476A-8D2E-A1E87B075678}.Debug|x86.Build.0 = Debug|Any CPU
		{CCE99276-BA4B-476A-8D2E-A1E87B075678}.Release|Any CPU.ActiveCfg = Release|Any CPU
		{CCE99276-BA4B-476A-8D2E-A1E87B075678}.Release|Any CPU.Build.0 = Release|Any CPU
		{CCE99276-BA4B-476A-8D2E-A1E87B075678}.Release|ARM.ActiveCfg = Release|Any CPU
		{CCE99276-BA4B-476A-8D2E-A1E87B075678}.Release|ARM.Build.0 = Release|Any CPU
		{CCE99276-BA4B-476A-8D2E-A1E87B075678}.Release|x64.ActiveCfg = Release|Any CPU
		{CCE99276-BA4B-476A-8D2E-A1E87B075678}.Release|x64.Build.0 = Release|Any CPU
		{CCE99276-BA4B-476A-8D2E-A1E87B075678}.Release|x86.ActiveCfg = Release|Any CPU
		{CCE99276-BA4B-476A-8D2E-A1E87B075678}.Release|x86.Build.0 = Release|Any CPU
		{4885EA7E-1FAE-4BAD-A2CF-100A0F3D7D49}.Debug|Any CPU.ActiveCfg = Debug|Any CPU
		{4885EA7E-1FAE-4BAD-A2CF-100A0F3D7D49}.Debug|Any CPU.Build.0 = Debug|Any CPU
		{4885EA7E-1FAE-4BAD-A2CF-100A0F3D7D49}.Debug|ARM.ActiveCfg = Debug|Any CPU
		{4885EA7E-1FAE-4BAD-A2CF-100A0F3D7D49}.Debug|ARM.Build.0 = Debug|Any CPU
		{4885EA7E-1FAE-4BAD-A2CF-100A0F3D7D49}.Debug|x64.ActiveCfg = Debug|Any CPU
		{4885EA7E-1FAE-4BAD-A2CF-100A0F3D7D49}.Debug|x64.Build.0 = Debug|Any CPU
		{4885EA7E-1FAE-4BAD-A2CF-100A0F3D7D49}.Debug|x86.ActiveCfg = Debug|Any CPU
		{4885EA7E-1FAE-4BAD-A2CF-100A0F3D7D49}.Debug|x86.Build.0 = Debug|Any CPU
		{4885EA7E-1FAE-4BAD-A2CF-100A0F3D7D49}.Release|Any CPU.ActiveCfg = Release|Any CPU
		{4885EA7E-1FAE-4BAD-A2CF-100A0F3D7D49}.Release|Any CPU.Build.0 = Release|Any CPU
		{4885EA7E-1FAE-4BAD-A2CF-100A0F3D7D49}.Release|ARM.ActiveCfg = Release|Any CPU
		{4885EA7E-1FAE-4BAD-A2CF-100A0F3D7D49}.Release|ARM.Build.0 = Release|Any CPU
		{4885EA7E-1FAE-4BAD-A2CF-100A0F3D7D49}.Release|x64.ActiveCfg = Release|Any CPU
		{4885EA7E-1FAE-4BAD-A2CF-100A0F3D7D49}.Release|x64.Build.0 = Release|Any CPU
		{4885EA7E-1FAE-4BAD-A2CF-100A0F3D7D49}.Release|x86.ActiveCfg = Release|Any CPU
		{4885EA7E-1FAE-4BAD-A2CF-100A0F3D7D49}.Release|x86.Build.0 = Release|Any CPU
		{9371081F-52B0-4390-9EB8-F9B6792B7CC5}.Debug|Any CPU.ActiveCfg = Debug|Any CPU
		{9371081F-52B0-4390-9EB8-F9B6792B7CC5}.Debug|ARM.ActiveCfg = Debug|Any CPU
		{9371081F-52B0-4390-9EB8-F9B6792B7CC5}.Debug|ARM.Build.0 = Debug|Any CPU
		{9371081F-52B0-4390-9EB8-F9B6792B7CC5}.Debug|x64.ActiveCfg = Debug|Any CPU
		{9371081F-52B0-4390-9EB8-F9B6792B7CC5}.Debug|x64.Build.0 = Debug|Any CPU
		{9371081F-52B0-4390-9EB8-F9B6792B7CC5}.Debug|x86.ActiveCfg = Debug|Any CPU
		{9371081F-52B0-4390-9EB8-F9B6792B7CC5}.Debug|x86.Build.0 = Debug|Any CPU
		{9371081F-52B0-4390-9EB8-F9B6792B7CC5}.Release|Any CPU.ActiveCfg = Release|Any CPU
		{9371081F-52B0-4390-9EB8-F9B6792B7CC5}.Release|Any CPU.Build.0 = Release|Any CPU
		{9371081F-52B0-4390-9EB8-F9B6792B7CC5}.Release|ARM.ActiveCfg = Release|Any CPU
		{9371081F-52B0-4390-9EB8-F9B6792B7CC5}.Release|ARM.Build.0 = Release|Any CPU
		{9371081F-52B0-4390-9EB8-F9B6792B7CC5}.Release|x64.ActiveCfg = Release|Any CPU
		{9371081F-52B0-4390-9EB8-F9B6792B7CC5}.Release|x64.Build.0 = Release|Any CPU
		{9371081F-52B0-4390-9EB8-F9B6792B7CC5}.Release|x86.ActiveCfg = Release|Any CPU
		{9371081F-52B0-4390-9EB8-F9B6792B7CC5}.Release|x86.Build.0 = Release|Any CPU
		{2AA22F4F-06AE-4611-ACD0-E536A2ED647A}.Debug|Any CPU.ActiveCfg = Debug|Any CPU
		{2AA22F4F-06AE-4611-ACD0-E536A2ED647A}.Debug|ARM.ActiveCfg = Debug|Any CPU
		{2AA22F4F-06AE-4611-ACD0-E536A2ED647A}.Debug|ARM.Build.0 = Debug|Any CPU
		{2AA22F4F-06AE-4611-ACD0-E536A2ED647A}.Debug|x64.ActiveCfg = Debug|Any CPU
		{2AA22F4F-06AE-4611-ACD0-E536A2ED647A}.Debug|x64.Build.0 = Debug|Any CPU
		{2AA22F4F-06AE-4611-ACD0-E536A2ED647A}.Debug|x86.ActiveCfg = Debug|Any CPU
		{2AA22F4F-06AE-4611-ACD0-E536A2ED647A}.Debug|x86.Build.0 = Debug|Any CPU
		{2AA22F4F-06AE-4611-ACD0-E536A2ED647A}.Release|Any CPU.ActiveCfg = Release|Any CPU
		{2AA22F4F-06AE-4611-ACD0-E536A2ED647A}.Release|Any CPU.Build.0 = Release|Any CPU
		{2AA22F4F-06AE-4611-ACD0-E536A2ED647A}.Release|ARM.ActiveCfg = Release|Any CPU
		{2AA22F4F-06AE-4611-ACD0-E536A2ED647A}.Release|ARM.Build.0 = Release|Any CPU
		{2AA22F4F-06AE-4611-ACD0-E536A2ED647A}.Release|x64.ActiveCfg = Release|Any CPU
		{2AA22F4F-06AE-4611-ACD0-E536A2ED647A}.Release|x64.Build.0 = Release|Any CPU
		{2AA22F4F-06AE-4611-ACD0-E536A2ED647A}.Release|x86.ActiveCfg = Release|Any CPU
		{2AA22F4F-06AE-4611-ACD0-E536A2ED647A}.Release|x86.Build.0 = Release|Any CPU
	EndGlobalSection
	GlobalSection(SolutionProperties) = preSolution
		HideSolutionNode = FALSE
	EndGlobalSection
	GlobalSection(NestedProjects) = preSolution
		{D8F430DF-6A72-47B3-9B69-084C04A41A8D} = {CCE33695-09E0-4AD7-8D22-2D859A0A771C}
		{63BCD43E-167C-4694-BFCB-4973F5C7B8B6} = {CCE33695-09E0-4AD7-8D22-2D859A0A771C}
		{EE9B331A-A996-459E-9612-6E2235BB3F5E} = {CCE33695-09E0-4AD7-8D22-2D859A0A771C}
		{72D05931-6346-4351-A8E3-45A7D65F9736} = {CCE33695-09E0-4AD7-8D22-2D859A0A771C}
		{CCE99276-BA4B-476A-8D2E-A1E87B075678} = {CCE33695-09E0-4AD7-8D22-2D859A0A771C}
		{4885EA7E-1FAE-4BAD-A2CF-100A0F3D7D49} = {CCE33695-09E0-4AD7-8D22-2D859A0A771C}
		{9371081F-52B0-4390-9EB8-F9B6792B7CC5} = {CCE33695-09E0-4AD7-8D22-2D859A0A771C}
		{2AA22F4F-06AE-4611-ACD0-E536A2ED647A} = {CCE33695-09E0-4AD7-8D22-2D859A0A771C}
	EndGlobalSection
EndGlobal
